
Microsoft Visual Studio Solution File, Format Version 12.00
# Visual Studio 15
VisualStudioVersion = 15.0.28010.2050
MinimumVisualStudioVersion = 10.0.40219.1
Project("{FAE04EC0-301F-11D3-BF4B-00C04F79EFBC}") = "Homework 1 (2nd question)", "Homework 1 (2nd question)\Homework 1 (2nd question).csproj", "{4B73670A-4B75-4B3A-82C1-DC9DED5D42B1}"
EndProject
Global
	GlobalSection(SolutionConfigurationPlatforms) = preSolution
		Debug|Any CPU = Debug|Any CPU
		Release|Any CPU = Release|Any CPU
	EndGlobalSection
	GlobalSection(ProjectConfigurationPlatforms) = postSolution
		{4B73670A-4B75-4B3A-82C1-DC9DED5D42B1}.Debug|Any CPU.ActiveCfg = Debug|Any CPU
		{4B73670A-4B75-4B3A-82C1-DC9DED5D42B1}.Debug|Any CPU.Build.0 = Debug|Any CPU
		{4B73670A-4B75-4B3A-82C1-DC9DED5D42B1}.Release|Any CPU.ActiveCfg = Release|Any CPU
		{4B73670A-4B75-4B3A-82C1-DC9DED5D42B1}.Release|Any CPU.Build.0 = Release|Any CPU
	EndGlobalSection
	GlobalSection(SolutionProperties) = preSolution
		HideSolutionNode = FALSE
	EndGlobalSection
	GlobalSection(ExtensibilityGlobals) = postSolution
		SolutionGuid = {C3DD8EA6-7FA9-4E65-AD4F-35DCE8FB193C}
	EndGlobalSection
EndGlobal
