
Microsoft Visual Studio Solution File, Format Version 12.00
# Visual Studio 15
VisualStudioVersion = 15.0.28010.2050
MinimumVisualStudioVersion = 10.0.40219.1
Project("{FAE04EC0-301F-11D3-BF4B-00C04F79EFBC}") = "Participations", "Participations\Participations.csproj", "{6B295DCF-AAAC-48D0-9F06-CF70CD4117BA}"
EndProject
Global
	GlobalSection(SolutionConfigurationPlatforms) = preSolution
		Debug|Any CPU = Debug|Any CPU
		Release|Any CPU = Release|Any CPU
	EndGlobalSection
	GlobalSection(ProjectConfigurationPlatforms) = postSolution
		{6B295DCF-AAAC-48D0-9F06-CF70CD4117BA}.Debug|Any CPU.ActiveCfg = Debug|Any CPU
		{6B295DCF-AAAC-48D0-9F06-CF70CD4117BA}.Debug|Any CPU.Build.0 = Debug|Any CPU
		{6B295DCF-AAAC-48D0-9F06-CF70CD4117BA}.Release|Any CPU.ActiveCfg = Release|Any CPU
		{6B295DCF-AAAC-48D0-9F06-CF70CD4117BA}.Release|Any CPU.Build.0 = Release|Any CPU
	EndGlobalSection
	GlobalSection(SolutionProperties) = preSolution
		HideSolutionNode = FALSE
	EndGlobalSection
	GlobalSection(ExtensibilityGlobals) = postSolution
		SolutionGuid = {60B1A035-E04F-4FF4-811F-AEDDE4D1BFF4}
	EndGlobalSection
EndGlobal
